// !$*UTF8*$!
{
	archiveVersion = 1;
	classes = {
	};
	objectVersion = 46;
	objects = {

/* Begin PBXBuildFile section */
		799C231E1B9CF87000A89415 /* Readme.md in Sources */ = {isa = PBXBuildFile; fileRef = 799C230F1B9CF87000A89415 /* Readme.md */; };
		799C231F1B9CF87000A89415 /* eyeTrackingModule.cpp in Sources */ = {isa = PBXBuildFile; fileRef = 799C23161B9CF87000A89415 /* eyeTrackingModule.cpp */; };
		799C23201B9CF87000A89415 /* findEyeCenter.cpp in Sources */ = {isa = PBXBuildFile; fileRef = 799C23181B9CF87000A89415 /* findEyeCenter.cpp */; };
		799C23211B9CF87000A89415 /* findEyeCorner.cpp in Sources */ = {isa = PBXBuildFile; fileRef = 799C231A1B9CF87000A89415 /* findEyeCorner.cpp */; };
		799C23221B9CF87000A89415 /* helpers.cpp in Sources */ = {isa = PBXBuildFile; fileRef = 799C231C1B9CF87000A89415 /* helpers.cpp */; };
		799C23251B9CF8CA00A89415 /* main_modular.cpp in Sources */ = {isa = PBXBuildFile; fileRef = 799C23231B9CF8CA00A89415 /* main_modular.cpp */; };
		799C232D1B9CFDEF00A89415 /* face_detect_module.cpp in Sources */ = {isa = PBXBuildFile; fileRef = 799C232B1B9CFDEF00A89415 /* face_detect_module.cpp */; };
/* End PBXBuildFile section */

/* Begin PBXCopyFilesBuildPhase section */
		799C22FE1B9CF86400A89415 /* CopyFiles */ = {
			isa = PBXCopyFilesBuildPhase;
			buildActionMask = 2147483647;
			dstPath = /usr/share/man/man1/;
			dstSubfolderSpec = 0;
			files = (
			);
			runOnlyForDeploymentPostprocessing = 1;
		};
/* End PBXCopyFilesBuildPhase section */

/* Begin PBXFileReference section */
		799C23001B9CF86400A89415 /* MASPEP */ = {isa = PBXFileReference; explicitFileType = "compiled.mach-o.executable"; includeInIndex = 0; path = MASPEP; sourceTree = BUILT_PRODUCTS_DIR; };
		799C230B1B9CF87000A89415 /* .gitignore */ = {isa = PBXFileReference; fileEncoding = 4; lastKnownFileType = text; path = .gitignore; sourceTree = "<group>"; };
		799C230C1B9CF87000A89415 /* cmakeBuild.sh */ = {isa = PBXFileReference; fileEncoding = 4; lastKnownFileType = text.script.sh; path = cmakeBuild.sh; sourceTree = "<group>"; };
		799C230D1B9CF87000A89415 /* CMakeLists.txt */ = {isa = PBXFileReference; fileEncoding = 4; lastKnownFileType = text; path = CMakeLists.txt; sourceTree = "<group>"; };
		799C230E1B9CF87000A89415 /* LICENSE */ = {isa = PBXFileReference; fileEncoding = 4; lastKnownFileType = text; path = LICENSE; sourceTree = "<group>"; };
		799C230F1B9CF87000A89415 /* Readme.md */ = {isa = PBXFileReference; fileEncoding = 4; lastKnownFileType = net.daringfireball.markdown; path = Readme.md; sourceTree = "<group>"; };
		799C23111B9CF87000A89415 /* haarcascade_eye_tree_eyeglasses.xml */ = {isa = PBXFileReference; fileEncoding = 4; lastKnownFileType = text.xml; path = haarcascade_eye_tree_eyeglasses.xml; sourceTree = "<group>"; };
		799C23121B9CF87000A89415 /* haarcascade_frontalface_alt.xml */ = {isa = PBXFileReference; fileEncoding = 4; lastKnownFileType = text.xml; path = haarcascade_frontalface_alt.xml; sourceTree = "<group>"; };
		799C23141B9CF87000A89415 /* CMakeLists.txt */ = {isa = PBXFileReference; fileEncoding = 4; lastKnownFileType = text; path = CMakeLists.txt; sourceTree = "<group>"; };
		799C23151B9CF87000A89415 /* constants.h */ = {isa = PBXFileReference; fileEncoding = 4; lastKnownFileType = sourcecode.c.h; path = constants.h; sourceTree = "<group>"; };
		799C23161B9CF87000A89415 /* eyeTrackingModule.cpp */ = {isa = PBXFileReference; fileEncoding = 4; lastKnownFileType = sourcecode.cpp.cpp; path = eyeTrackingModule.cpp; sourceTree = "<group>"; };
		799C23171B9CF87000A89415 /* eyeTrackingModule.h */ = {isa = PBXFileReference; fileEncoding = 4; lastKnownFileType = sourcecode.c.h; path = eyeTrackingModule.h; sourceTree = "<group>"; };
		799C23181B9CF87000A89415 /* findEyeCenter.cpp */ = {isa = PBXFileReference; fileEncoding = 4; lastKnownFileType = sourcecode.cpp.cpp; path = findEyeCenter.cpp; sourceTree = "<group>"; };
		799C23191B9CF87000A89415 /* findEyeCenter.h */ = {isa = PBXFileReference; fileEncoding = 4; lastKnownFileType = sourcecode.c.h; path = findEyeCenter.h; sourceTree = "<group>"; };
		799C231A1B9CF87000A89415 /* findEyeCorner.cpp */ = {isa = PBXFileReference; fileEncoding = 4; lastKnownFileType = sourcecode.cpp.cpp; path = findEyeCorner.cpp; sourceTree = "<group>"; };
		799C231B1B9CF87000A89415 /* findEyeCorner.h */ = {isa = PBXFileReference; fileEncoding = 4; lastKnownFileType = sourcecode.c.h; path = findEyeCorner.h; sourceTree = "<group>"; };
		799C231C1B9CF87000A89415 /* helpers.cpp */ = {isa = PBXFileReference; fileEncoding = 4; lastKnownFileType = sourcecode.cpp.cpp; path = helpers.cpp; sourceTree = "<group>"; };
		799C231D1B9CF87000A89415 /* helpers.h */ = {isa = PBXFileReference; fileEncoding = 4; lastKnownFileType = sourcecode.c.h; path = helpers.h; sourceTree = "<group>"; };
		799C23231B9CF8CA00A89415 /* main_modular.cpp */ = {isa = PBXFileReference; fileEncoding = 4; lastKnownFileType = sourcecode.cpp.cpp; path = main_modular.cpp; sourceTree = "<group>"; };
		799C23241B9CF8CA00A89415 /* main_modular.h */ = {isa = PBXFileReference; fileEncoding = 4; lastKnownFileType = sourcecode.c.h; path = main_modular.h; sourceTree = "<group>"; };
		799C23291B9CFA1D00A89415 /* global_constants.h */ = {isa = PBXFileReference; fileEncoding = 4; lastKnownFileType = sourcecode.c.h; path = global_constants.h; sourceTree = "<group>"; };
		799C232B1B9CFDEF00A89415 /* face_detect_module.cpp */ = {isa = PBXFileReference; fileEncoding = 4; lastKnownFileType = sourcecode.cpp.cpp; path = face_detect_module.cpp; sourceTree = "<group>"; };
		799C232C1B9CFDEF00A89415 /* face_detect_module.h */ = {isa = PBXFileReference; fileEncoding = 4; lastKnownFileType = sourcecode.c.h; path = face_detect_module.h; sourceTree = "<group>"; };
		799C232F1B9CFE4F00A89415 /* opencv_preprocessors.h */ = {isa = PBXFileReference; lastKnownFileType = sourcecode.c.h; path = opencv_preprocessors.h; sourceTree = "<group>"; };
/* End PBXFileReference section */

/* Begin PBXFrameworksBuildPhase section */
		799C22FD1B9CF86400A89415 /* Frameworks */ = {
			isa = PBXFrameworksBuildPhase;
			buildActionMask = 2147483647;
			files = (
			);
			runOnlyForDeploymentPostprocessing = 0;
		};
/* End PBXFrameworksBuildPhase section */

/* Begin PBXGroup section */
		799C22F71B9CF86400A89415 = {
			isa = PBXGroup;
			children = (
				799C232A1B9CFDD200A89415 /* Face Detection */,
				799C23261B9CF9DB00A89415 /* Global Functions */,
				799C230A1B9CF87000A89415 /* eyeLike-master */,
				799C23021B9CF86400A89415 /* MASPEP */,
				799C23011B9CF86400A89415 /* Products */,
			);
			sourceTree = "<group>";
		};
		799C23011B9CF86400A89415 /* Products */ = {
			isa = PBXGroup;
			children = (
				799C23001B9CF86400A89415 /* MASPEP */,
			);
			name = Products;
			sourceTree = "<group>";
		};
		799C23021B9CF86400A89415 /* MASPEP */ = {
			isa = PBXGroup;
			children = (
				799C23231B9CF8CA00A89415 /* main_modular.cpp */,
				799C23241B9CF8CA00A89415 /* main_modular.h */,
			);
			path = MASPEP;
			sourceTree = "<group>";
		};
		799C230A1B9CF87000A89415 /* eyeLike-master */ = {
			isa = PBXGroup;
			children = (
				799C230B1B9CF87000A89415 /* .gitignore */,
				799C230C1B9CF87000A89415 /* cmakeBuild.sh */,
				799C230D1B9CF87000A89415 /* CMakeLists.txt */,
				799C230E1B9CF87000A89415 /* LICENSE */,
				799C230F1B9CF87000A89415 /* Readme.md */,
				799C23101B9CF87000A89415 /* res */,
				799C23131B9CF87000A89415 /* src */,
			);
			name = "eyeLike-master";
			path = "../eyeLike-master";
			sourceTree = "<group>";
		};
		799C23101B9CF87000A89415 /* res */ = {
			isa = PBXGroup;
			children = (
				799C23111B9CF87000A89415 /* haarcascade_eye_tree_eyeglasses.xml */,
				799C23121B9CF87000A89415 /* haarcascade_frontalface_alt.xml */,
			);
			path = res;
			sourceTree = "<group>";
		};
		799C23131B9CF87000A89415 /* src */ = {
			isa = PBXGroup;
			children = (
				799C23141B9CF87000A89415 /* CMakeLists.txt */,
				799C23151B9CF87000A89415 /* constants.h */,
				799C23161B9CF87000A89415 /* eyeTrackingModule.cpp */,
				799C23171B9CF87000A89415 /* eyeTrackingModule.h */,
				799C23181B9CF87000A89415 /* findEyeCenter.cpp */,
				799C23191B9CF87000A89415 /* findEyeCenter.h */,
				799C231A1B9CF87000A89415 /* findEyeCorner.cpp */,
				799C231B1B9CF87000A89415 /* findEyeCorner.h */,
				799C231C1B9CF87000A89415 /* helpers.cpp */,
				799C231D1B9CF87000A89415 /* helpers.h */,
			);
			path = src;
			sourceTree = "<group>";
		};
		799C23261B9CF9DB00A89415 /* Global Functions */ = {
			isa = PBXGroup;
			children = (
				799C23281B9CF9EB00A89415 /* head */,
				799C23271B9CF9E600A89415 /* src */,
			);
			name = "Global Functions";
			sourceTree = "<group>";
		};
		799C23271B9CF9E600A89415 /* src */ = {
			isa = PBXGroup;
			children = (
			);
			name = src;
			sourceTree = "<group>";
		};
		799C23281B9CF9EB00A89415 /* head */ = {
			isa = PBXGroup;
			children = (
				799C23291B9CFA1D00A89415 /* global_constants.h */,
				799C232F1B9CFE4F00A89415 /* opencv_preprocessors.h */,
			);
			name = head;
			sourceTree = "<group>";
		};
		799C232A1B9CFDD200A89415 /* Face Detection */ = {
			isa = PBXGroup;
			children = (
				799C232B1B9CFDEF00A89415 /* face_detect_module.cpp */,
				799C232C1B9CFDEF00A89415 /* face_detect_module.h */,
			);
			name = "Face Detection";
			sourceTree = "<group>";
		};
/* End PBXGroup section */

/* Begin PBXNativeTarget section */
		799C22FF1B9CF86400A89415 /* MASPEP */ = {
			isa = PBXNativeTarget;
			buildConfigurationList = 799C23071B9CF86400A89415 /* Build configuration list for PBXNativeTarget "MASPEP" */;
			buildPhases = (
				799C22FC1B9CF86400A89415 /* Sources */,
				799C22FD1B9CF86400A89415 /* Frameworks */,
				799C22FE1B9CF86400A89415 /* CopyFiles */,
			);
			buildRules = (
			);
			dependencies = (
			);
			name = MASPEP;
			productName = MASPEP;
			productReference = 799C23001B9CF86400A89415 /* MASPEP */;
			productType = "com.apple.product-type.tool";
		};
/* End PBXNativeTarget section */

/* Begin PBXProject section */
		799C22F81B9CF86400A89415 /* Project object */ = {
			isa = PBXProject;
			attributes = {
				LastUpgradeCheck = 0600;
				ORGANIZATIONNAME = "Vanderlei Cunha Jr.";
				TargetAttributes = {
					799C22FF1B9CF86400A89415 = {
						CreatedOnToolsVersion = 6.0.1;
					};
				};
			};
			buildConfigurationList = 799C22FB1B9CF86400A89415 /* Build configuration list for PBXProject "MASPEP" */;
			compatibilityVersion = "Xcode 3.2";
			developmentRegion = English;
			hasScannedForEncodings = 0;
			knownRegions = (
				en,
			);
			mainGroup = 799C22F71B9CF86400A89415;
			productRefGroup = 799C23011B9CF86400A89415 /* Products */;
			projectDirPath = "";
			projectRoot = "";
			targets = (
				799C22FF1B9CF86400A89415 /* MASPEP */,
			);
		};
/* End PBXProject section */

/* Begin PBXSourcesBuildPhase section */
		799C22FC1B9CF86400A89415 /* Sources */ = {
			isa = PBXSourcesBuildPhase;
			buildActionMask = 2147483647;
			files = (
				799C231E1B9CF87000A89415 /* Readme.md in Sources */,
				799C23221B9CF87000A89415 /* helpers.cpp in Sources */,
				799C23211B9CF87000A89415 /* findEyeCorner.cpp in Sources */,
				799C231F1B9CF87000A89415 /* eyeTrackingModule.cpp in Sources */,
				799C23201B9CF87000A89415 /* findEyeCenter.cpp in Sources */,
				799C232D1B9CFDEF00A89415 /* face_detect_module.cpp in Sources */,
				799C23251B9CF8CA00A89415 /* main_modular.cpp in Sources */,
			);
			runOnlyForDeploymentPostprocessing = 0;
		};
/* End PBXSourcesBuildPhase section */

/* Begin XCBuildConfiguration section */
		799C23051B9CF86400A89415 /* Debug */ = {
			isa = XCBuildConfiguration;
			buildSettings = {
				ALWAYS_SEARCH_USER_PATHS = NO;
				CLANG_CXX_LANGUAGE_STANDARD = "gnu++0x";
				CLANG_CXX_LIBRARY = "libc++";
				CLANG_ENABLE_MODULES = YES;
				CLANG_ENABLE_OBJC_ARC = YES;
				CLANG_WARN_BOOL_CONVERSION = YES;
				CLANG_WARN_CONSTANT_CONVERSION = YES;
				CLANG_WARN_DIRECT_OBJC_ISA_USAGE = YES_ERROR;
				CLANG_WARN_EMPTY_BODY = YES;
				CLANG_WARN_ENUM_CONVERSION = YES;
				CLANG_WARN_INT_CONVERSION = YES;
				CLANG_WARN_OBJC_ROOT_CLASS = YES_ERROR;
				CLANG_WARN_UNREACHABLE_CODE = YES;
				CLANG_WARN__DUPLICATE_METHOD_MATCH = YES;
				COPY_PHASE_STRIP = NO;
				ENABLE_STRICT_OBJC_MSGSEND = YES;
				GCC_C_LANGUAGE_STANDARD = gnu99;
				GCC_DYNAMIC_NO_PIC = NO;
				GCC_OPTIMIZATION_LEVEL = 0;
				GCC_PREPROCESSOR_DEFINITIONS = (
					"DEBUG=1",
					"$(inherited)",
				);
				GCC_SYMBOLS_PRIVATE_EXTERN = NO;
				GCC_WARN_64_TO_32_BIT_CONVERSION = YES;
				GCC_WARN_ABOUT_RETURN_TYPE = YES_ERROR;
				GCC_WARN_UNDECLARED_SELECTOR = YES;
				GCC_WARN_UNINITIALIZED_AUTOS = YES_AGGRESSIVE;
				GCC_WARN_UNUSED_FUNCTION = YES;
				GCC_WARN_UNUSED_VARIABLE = YES;
				MACOSX_DEPLOYMENT_TARGET = 10.9;
				MTL_ENABLE_DEBUG_INFO = YES;
				ONLY_ACTIVE_ARCH = YES;
				SDKROOT = macosx;
			};
			name = Debug;
		};
		799C23061B9CF86400A89415 /* Release */ = {
			isa = XCBuildConfiguration;
			buildSettings = {
				ALWAYS_SEARCH_USER_PATHS = NO;
				CLANG_CXX_LANGUAGE_STANDARD = "gnu++0x";
				CLANG_CXX_LIBRARY = "libc++";
				CLANG_ENABLE_MODULES = YES;
				CLANG_ENABLE_OBJC_ARC = YES;
				CLANG_WARN_BOOL_CONVERSION = YES;
				CLANG_WARN_CONSTANT_CONVERSION = YES;
				CLANG_WARN_DIRECT_OBJC_ISA_USAGE = YES_ERROR;
				CLANG_WARN_EMPTY_BODY = YES;
				CLANG_WARN_ENUM_CONVERSION = YES;
				CLANG_WARN_INT_CONVERSION = YES;
				CLANG_WARN_OBJC_ROOT_CLASS = YES_ERROR;
				CLANG_WARN_UNREACHABLE_CODE = YES;
				CLANG_WARN__DUPLICATE_METHOD_MATCH = YES;
				COPY_PHASE_STRIP = YES;
				DEBUG_INFORMATION_FORMAT = "dwarf-with-dsym";
				ENABLE_NS_ASSERTIONS = NO;
				ENABLE_STRICT_OBJC_MSGSEND = YES;
				GCC_C_LANGUAGE_STANDARD = gnu99;
				GCC_WARN_64_TO_32_BIT_CONVERSION = YES;
				GCC_WARN_ABOUT_RETURN_TYPE = YES_ERROR;
				GCC_WARN_UNDECLARED_SELECTOR = YES;
				GCC_WARN_UNINITIALIZED_AUTOS = YES_AGGRESSIVE;
				GCC_WARN_UNUSED_FUNCTION = YES;
				GCC_WARN_UNUSED_VARIABLE = YES;
				MACOSX_DEPLOYMENT_TARGET = 10.9;
				MTL_ENABLE_DEBUG_INFO = NO;
				SDKROOT = macosx;
			};
			name = Release;
		};
		799C23081B9CF86400A89415 /* Debug */ = {
			isa = XCBuildConfiguration;
			buildSettings = {
				HEADER_SEARCH_PATHS = (
					"$(inherited)",
					/Applications/Xcode.app/Contents/Developer/Toolchains/XcodeDefault.xctoolchain/usr/include,
					/usr/local/include,
				);
				LIBRARY_SEARCH_PATHS = /usr/local/lib;
				OTHER_LDFLAGS = (
					"\n\n-lopencv_calib3d",
					"-lopencv_core",
					"-lopencv_features2d",
					"-lopencv_flann",
					"-lopencv_highgui",
					"-lopencv_imgcodecs",
					"-lopencv_imgproc",
					"-lopencv_ml",
					"-lopencv_objdetect",
					"-lopencv_photo",
					"-lopencv_shape",
					"-lopencv_stitching",
					"-lopencv_superres",
					"-lopencv_ts",
					"-lopencv_video",
					"-lopencv_videoio",
					"-lopencv_videostab\n\n",
				);
				PRODUCT_NAME = "$(TARGET_NAME)";
			};
			name = Debug;
		};
		799C23091B9CF86400A89415 /* Release */ = {
			isa = XCBuildConfiguration;
			buildSettings = {
				HEADER_SEARCH_PATHS = (
					"$(inherited)",
					/Applications/Xcode.app/Contents/Developer/Toolchains/XcodeDefault.xctoolchain/usr/include,
					/usr/local/include,
				);
				LIBRARY_SEARCH_PATHS = /usr/local/lib;
				OTHER_LDFLAGS = (
					"\n\n-lopencv_calib3d",
					"-lopencv_core",
					"-lopencv_features2d",
					"-lopencv_flann",
					"-lopencv_highgui",
					"-lopencv_imgcodecs",
					"-lopencv_imgproc",
					"-lopencv_ml",
					"-lopencv_objdetect",
					"-lopencv_photo",
					"-lopencv_shape",
					"-lopencv_stitching",
					"-lopencv_superres",
					"-lopencv_ts",
					"-lopencv_video",
					"-lopencv_videoio",
					"-lopencv_videostab\n\n",
				);
				PRODUCT_NAME = "$(TARGET_NAME)";
			};
			name = Release;
		};
/* End XCBuildConfiguration section */

/* Begin XCConfigurationList section */
		799C22FB1B9CF86400A89415 /* Build configuration list for PBXProject "MASPEP" */ = {
			isa = XCConfigurationList;
			buildConfigurations = (
				799C23051B9CF86400A89415 /* Debug */,
				799C23061B9CF86400A89415 /* Release */,
			);
			defaultConfigurationIsVisible = 0;
			defaultConfigurationName = Release;
		};
		799C23071B9CF86400A89415 /* Build configuration list for PBXNativeTarget "MASPEP" */ = {
			isa = XCConfigurationList;
			buildConfigurations = (
				799C23081B9CF86400A89415 /* Debug */,
				799C23091B9CF86400A89415 /* Release */,
			);
			defaultConfigurationIsVisible = 0;
			defaultConfigurationName = Release;
		};
/* End XCConfigurationList section */
	};
	rootObject = 799C22F81B9CF86400A89415 /* Project object */;
}
